%{"estree": {:hex, :estree, "2.5.1", "c93a8fa8a29886e6a6f6c489ba6dc949b998d2985b189967e41e69a92b58e846", [:mix], []},
  "poison": {:hex, :poison, "2.2.0", "4763b69a8a77bd77d26f477d196428b741261a761257ff1cf92753a0d4d24a63", [:mix], []},
  "proto_def": {:hex, :proto_def, "0.0.4", "5a56ca4ce54def73f8afe76523db678117f46d1bffa748a576606a18d24a0690", [:mix], [{:estree, "~> 2.3", [hex: :estree, optional: false]}, {:poison, "~> 2.0", [hex: :poison, optional: false]}]}}
